
Microsoft Visual Studio Solution File, Format Version 12.00
# Visual Studio Version 17
VisualStudioVersion = 17.3.32804.467
MinimumVisualStudioVersion = 10.0.40219.1
Project("{FAE04EC0-301F-11D3-BF4B-00C04F79EFBC}") = "QuickSort", "QuickSort\QuickSort.csproj", "{B8EF6FB3-E5C3-416D-80A9-C57806FBB9E6}"
EndProject
Global
	GlobalSection(SolutionConfigurationPlatforms) = preSolution
		Debug|Any CPU = Debug|Any CPU
		Release|Any CPU = Release|Any CPU
	EndGlobalSection
	GlobalSection(ProjectConfigurationPlatforms) = postSolution
		{B8EF6FB3-E5C3-416D-80A9-C57806FBB9E6}.Debug|Any CPU.ActiveCfg = Debug|Any CPU
		{B8EF6FB3-E5C3-416D-80A9-C57806FBB9E6}.Debug|Any CPU.Build.0 = Debug|Any CPU
		{B8EF6FB3-E5C3-416D-80A9-C57806FBB9E6}.Release|Any CPU.ActiveCfg = Release|Any CPU
		{B8EF6FB3-E5C3-416D-80A9-C57806FBB9E6}.Release|Any CPU.Build.0 = Release|Any CPU
	EndGlobalSection
	GlobalSection(SolutionProperties) = preSolution
		HideSolutionNode = FALSE
	EndGlobalSection
	GlobalSection(ExtensibilityGlobals) = postSolution
		SolutionGuid = {0FF77FE7-8BAD-40A0-8818-65C3621BAF42}
	EndGlobalSection
EndGlobal
